// !$*UTF8*$!
{
	archiveVersion = 1;
	classes = {
	};
	objectVersion = 46;
	objects = {

/* Begin PBXBuildFile section */
		EB4A26C819AA244C00945AEB /* main.m in Sources */ = {isa = PBXBuildFile; fileRef = EB4A26C719AA244C00945AEB /* main.m */; };
		EB4A26CB19AA244C00945AEB /* ViewController.m in Sources */ = {isa = PBXBuildFile; fileRef = EB4A26CA19AA244C00945AEB /* ViewController.m */; };
		EB4A26CE19AA244C00945AEB /* AppDelegate.m in Sources */ = {isa = PBXBuildFile; fileRef = EB4A26CD19AA244C00945AEB /* AppDelegate.m */; };
		EB4A26D119AA244C00945AEB /* Chinese_flashcards.xcdatamodeld in Sources */ = {isa = PBXBuildFile; fileRef = EB4A26CF19AA244C00945AEB /* Chinese_flashcards.xcdatamodeld */; };
		EB4A26D319AA244C00945AEB /* Images.xcassets in Resources */ = {isa = PBXBuildFile; fileRef = EB4A26D219AA244C00945AEB /* Images.xcassets */; };
		EB4A26D619AA244C00945AEB /* Main.storyboard in Resources */ = {isa = PBXBuildFile; fileRef = EB4A26D419AA244C00945AEB /* Main.storyboard */; };
		EB4A26E219AA244C00945AEB /* Chinese_flashcardsTests.m in Sources */ = {isa = PBXBuildFile; fileRef = EB4A26E119AA244C00945AEB /* Chinese_flashcardsTests.m */; };
		EB50C1CB19EECBE80094111F /* SettingsView.m in Sources */ = {isa = PBXBuildFile; fileRef = EB50C1CA19EECBE80094111F /* SettingsView.m */; };
		EB96118619D0AAA400800878 /* PopoverToolBarItem.m in Sources */ = {isa = PBXBuildFile; fileRef = EB96118519D0AAA400800878 /* PopoverToolBarItem.m */; };
		EB97509919AD2F59007CEC15 /* WindowController.m in Sources */ = {isa = PBXBuildFile; fileRef = EB97509819AD2F59007CEC15 /* WindowController.m */; };
		EB97509B19AD3075007CEC15 /* AppKit.framework in Frameworks */ = {isa = PBXBuildFile; fileRef = EB97509A19AD3075007CEC15 /* AppKit.framework */; };
		EB97509E19AD37CE007CEC15 /* TransparentScrollView.m in Sources */ = {isa = PBXBuildFile; fileRef = EB97509D19AD37CE007CEC15 /* TransparentScrollView.m */; };
		EB9750A519ADDE76007CEC15 /* Word.m in Sources */ = {isa = PBXBuildFile; fileRef = EB9750A019ADDE76007CEC15 /* Word.m */; };
		EB9750A619ADDE76007CEC15 /* WordPack.m in Sources */ = {isa = PBXBuildFile; fileRef = EB9750A219ADDE76007CEC15 /* WordPack.m */; };
		EB9750A719ADDE76007CEC15 /* WordVault.m in Sources */ = {isa = PBXBuildFile; fileRef = EB9750A419ADDE76007CEC15 /* WordVault.m */; };
		EB9750AA19ADDF81007CEC15 /* WordPacksController.m in Sources */ = {isa = PBXBuildFile; fileRef = EB9750A919ADDF81007CEC15 /* WordPacksController.m */; };
		EB9750AD19ADE9A6007CEC15 /* CellViewController.m in Sources */ = {isa = PBXBuildFile; fileRef = EB9750AC19ADE9A6007CEC15 /* CellViewController.m */; };
		EB9750B119AE05F9007CEC15 /* CellView.m in Sources */ = {isa = PBXBuildFile; fileRef = EB9750B019AE05F9007CEC15 /* CellView.m */; };
		EB9750B419AE0C21007CEC15 /* RoundedView.m in Sources */ = {isa = PBXBuildFile; fileRef = EB9750B319AE0C21007CEC15 /* RoundedView.m */; };
		EBBB843F19AFE20400A3DA50 /* AddWordViewController.m in Sources */ = {isa = PBXBuildFile; fileRef = EBBB843E19AFE20400A3DA50 /* AddWordViewController.m */; };
		EBBB844219B27F8C00A3DA50 /* AddWordPackViewController.m in Sources */ = {isa = PBXBuildFile; fileRef = EBBB844119B27F8C00A3DA50 /* AddWordPackViewController.m */; };
		EBBB844519B35B6800A3DA50 /* ProgressCell.m in Sources */ = {isa = PBXBuildFile; fileRef = EBBB844419B35B6800A3DA50 /* ProgressCell.m */; };
		EBBB844819B35EE500A3DA50 /* ProgressCellView.m in Sources */ = {isa = PBXBuildFile; fileRef = EBBB844719B35EE500A3DA50 /* ProgressCellView.m */; };
		EBBB844B19B39FAB00A3DA50 /* StudyWordsViewController.m in Sources */ = {isa = PBXBuildFile; fileRef = EBBB844A19B39FAB00A3DA50 /* StudyWordsViewController.m */; };
		EBBB844E19B3A77100A3DA50 /* ResizableTextField.m in Sources */ = {isa = PBXBuildFile; fileRef = EBBB844D19B3A77100A3DA50 /* ResizableTextField.m */; };
		EBBB845419B67F9900A3DA50 /* KeyHandlingView.m in Sources */ = {isa = PBXBuildFile; fileRef = EBBB845319B67F9900A3DA50 /* KeyHandlingView.m */; };
		EBBB845619C0EC0E00A3DA50 /* QuartzCore.framework in Frameworks */ = {isa = PBXBuildFile; fileRef = EBBB845519C0EC0E00A3DA50 /* QuartzCore.framework */; };
/* End PBXBuildFile section */

/* Begin PBXContainerItemProxy section */
		EB4A26DC19AA244C00945AEB /* PBXContainerItemProxy */ = {
			isa = PBXContainerItemProxy;
			containerPortal = EB4A26BA19AA244B00945AEB /* Project object */;
			proxyType = 1;
			remoteGlobalIDString = EB4A26C119AA244B00945AEB;
			remoteInfo = "Chinese flashcards";
		};
		EB59850319AA26F9002EA6C5 /* PBXContainerItemProxy */ = {
			isa = PBXContainerItemProxy;
			containerPortal = EB4A26BA19AA244B00945AEB /* Project object */;
			proxyType = 1;
			remoteGlobalIDString = EB4A26C119AA244B00945AEB;
			remoteInfo = "Chinese flashcards";
		};
/* End PBXContainerItemProxy section */

/* Begin PBXFileReference section */
		EB4A26C219AA244C00945AEB /* Chinese flashcards.app */ = {isa = PBXFileReference; explicitFileType = wrapper.application; includeInIndex = 0; path = "Chinese flashcards.app"; sourceTree = BUILT_PRODUCTS_DIR; };
		EB4A26C619AA244C00945AEB /* Info.plist */ = {isa = PBXFileReference; lastKnownFileType = text.plist.xml; path = Info.plist; sourceTree = "<group>"; };
		EB4A26C719AA244C00945AEB /* main.m */ = {isa = PBXFileReference; lastKnownFileType = sourcecode.c.objc; path = main.m; sourceTree = "<group>"; };
		EB4A26C919AA244C00945AEB /* ViewController.h */ = {isa = PBXFileReference; lastKnownFileType = sourcecode.c.h; path = ViewController.h; sourceTree = "<group>"; };
		EB4A26CA19AA244C00945AEB /* ViewController.m */ = {isa = PBXFileReference; lastKnownFileType = sourcecode.c.objc; path = ViewController.m; sourceTree = "<group>"; };
		EB4A26CC19AA244C00945AEB /* AppDelegate.h */ = {isa = PBXFileReference; lastKnownFileType = sourcecode.c.h; path = AppDelegate.h; sourceTree = "<group>"; };
		EB4A26CD19AA244C00945AEB /* AppDelegate.m */ = {isa = PBXFileReference; lastKnownFileType = sourcecode.c.objc; path = AppDelegate.m; sourceTree = "<group>"; };
		EB4A26D019AA244C00945AEB /* Chinese_flashcards.xcdatamodel */ = {isa = PBXFileReference; lastKnownFileType = wrapper.xcdatamodel; path = Chinese_flashcards.xcdatamodel; sourceTree = "<group>"; };
		EB4A26D219AA244C00945AEB /* Images.xcassets */ = {isa = PBXFileReference; lastKnownFileType = folder.assetcatalog; path = Images.xcassets; sourceTree = "<group>"; };
		EB4A26D519AA244C00945AEB /* Base */ = {isa = PBXFileReference; lastKnownFileType = file.storyboard; name = Base; path = Base.lproj/Main.storyboard; sourceTree = "<group>"; };
		EB4A26DB19AA244C00945AEB /* Chinese flashcardsTests.xctest */ = {isa = PBXFileReference; explicitFileType = wrapper.cfbundle; includeInIndex = 0; path = "Chinese flashcardsTests.xctest"; sourceTree = BUILT_PRODUCTS_DIR; };
		EB4A26E019AA244C00945AEB /* Info.plist */ = {isa = PBXFileReference; lastKnownFileType = text.plist.xml; path = Info.plist; sourceTree = "<group>"; };
		EB4A26E119AA244C00945AEB /* Chinese_flashcardsTests.m */ = {isa = PBXFileReference; lastKnownFileType = sourcecode.c.objc; path = Chinese_flashcardsTests.m; sourceTree = "<group>"; };
		EB50C1C919EECBE80094111F /* SettingsView.h */ = {isa = PBXFileReference; fileEncoding = 4; lastKnownFileType = sourcecode.c.h; path = SettingsView.h; sourceTree = "<group>"; };
		EB50C1CA19EECBE80094111F /* SettingsView.m */ = {isa = PBXFileReference; fileEncoding = 4; lastKnownFileType = sourcecode.c.objc; path = SettingsView.m; sourceTree = "<group>"; };
		EB96118419D0AAA400800878 /* PopoverToolBarItem.h */ = {isa = PBXFileReference; fileEncoding = 4; lastKnownFileType = sourcecode.c.h; path = PopoverToolBarItem.h; sourceTree = "<group>"; };
		EB96118519D0AAA400800878 /* PopoverToolBarItem.m */ = {isa = PBXFileReference; fileEncoding = 4; lastKnownFileType = sourcecode.c.objc; path = PopoverToolBarItem.m; sourceTree = "<group>"; };
		EB97509719AD2F59007CEC15 /* WindowController.h */ = {isa = PBXFileReference; fileEncoding = 4; lastKnownFileType = sourcecode.c.h; path = WindowController.h; sourceTree = "<group>"; };
		EB97509819AD2F59007CEC15 /* WindowController.m */ = {isa = PBXFileReference; fileEncoding = 4; lastKnownFileType = sourcecode.c.objc; path = WindowController.m; sourceTree = "<group>"; };
		EB97509A19AD3075007CEC15 /* AppKit.framework */ = {isa = PBXFileReference; lastKnownFileType = wrapper.framework; name = AppKit.framework; path = System/Library/Frameworks/AppKit.framework; sourceTree = SDKROOT; };
		EB97509C19AD37CE007CEC15 /* TransparentScrollView.h */ = {isa = PBXFileReference; fileEncoding = 4; lastKnownFileType = sourcecode.c.h; path = TransparentScrollView.h; sourceTree = "<group>"; };
		EB97509D19AD37CE007CEC15 /* TransparentScrollView.m */ = {isa = PBXFileReference; fileEncoding = 4; lastKnownFileType = sourcecode.c.objc; path = TransparentScrollView.m; sourceTree = "<group>"; };
		EB97509F19ADDE76007CEC15 /* Word.h */ = {isa = PBXFileReference; fileEncoding = 4; lastKnownFileType = sourcecode.c.h; path = Word.h; sourceTree = "<group>"; };
		EB9750A019ADDE76007CEC15 /* Word.m */ = {isa = PBXFileReference; fileEncoding = 4; lastKnownFileType = sourcecode.c.objc; path = Word.m; sourceTree = "<group>"; };
		EB9750A119ADDE76007CEC15 /* WordPack.h */ = {isa = PBXFileReference; fileEncoding = 4; lastKnownFileType = sourcecode.c.h; path = WordPack.h; sourceTree = "<group>"; };
		EB9750A219ADDE76007CEC15 /* WordPack.m */ = {isa = PBXFileReference; fileEncoding = 4; lastKnownFileType = sourcecode.c.objc; path = WordPack.m; sourceTree = "<group>"; };
		EB9750A319ADDE76007CEC15 /* WordVault.h */ = {isa = PBXFileReference; fileEncoding = 4; lastKnownFileType = sourcecode.c.h; path = WordVault.h; sourceTree = "<group>"; };
		EB9750A419ADDE76007CEC15 /* WordVault.m */ = {isa = PBXFileReference; fileEncoding = 4; lastKnownFileType = sourcecode.c.objc; path = WordVault.m; sourceTree = "<group>"; };
		EB9750A819ADDF81007CEC15 /* WordPacksController.h */ = {isa = PBXFileReference; fileEncoding = 4; lastKnownFileType = sourcecode.c.h; path = WordPacksController.h; sourceTree = "<group>"; };
		EB9750A919ADDF81007CEC15 /* WordPacksController.m */ = {isa = PBXFileReference; fileEncoding = 4; lastKnownFileType = sourcecode.c.objc; path = WordPacksController.m; sourceTree = "<group>"; };
		EB9750AB19ADE9A6007CEC15 /* CellViewController.h */ = {isa = PBXFileReference; fileEncoding = 4; lastKnownFileType = sourcecode.c.h; path = CellViewController.h; sourceTree = "<group>"; };
		EB9750AC19ADE9A6007CEC15 /* CellViewController.m */ = {isa = PBXFileReference; fileEncoding = 4; lastKnownFileType = sourcecode.c.objc; path = CellViewController.m; sourceTree = "<group>"; };
		EB9750AF19AE05F9007CEC15 /* CellView.h */ = {isa = PBXFileReference; fileEncoding = 4; lastKnownFileType = sourcecode.c.h; path = CellView.h; sourceTree = "<group>"; };
		EB9750B019AE05F9007CEC15 /* CellView.m */ = {isa = PBXFileReference; fileEncoding = 4; lastKnownFileType = sourcecode.c.objc; path = CellView.m; sourceTree = "<group>"; };
		EB9750B219AE0C21007CEC15 /* RoundedView.h */ = {isa = PBXFileReference; fileEncoding = 4; lastKnownFileType = sourcecode.c.h; path = RoundedView.h; sourceTree = "<group>"; };
		EB9750B319AE0C21007CEC15 /* RoundedView.m */ = {isa = PBXFileReference; fileEncoding = 4; lastKnownFileType = sourcecode.c.objc; path = RoundedView.m; sourceTree = "<group>"; };
		EBBB843D19AFE20400A3DA50 /* AddWordViewController.h */ = {isa = PBXFileReference; fileEncoding = 4; lastKnownFileType = sourcecode.c.h; path = AddWordViewController.h; sourceTree = "<group>"; };
		EBBB843E19AFE20400A3DA50 /* AddWordViewController.m */ = {isa = PBXFileReference; fileEncoding = 4; lastKnownFileType = sourcecode.c.objc; path = AddWordViewController.m; sourceTree = "<group>"; };
		EBBB844019B27F8C00A3DA50 /* AddWordPackViewController.h */ = {isa = PBXFileReference; fileEncoding = 4; lastKnownFileType = sourcecode.c.h; path = AddWordPackViewController.h; sourceTree = "<group>"; };
		EBBB844119B27F8C00A3DA50 /* AddWordPackViewController.m */ = {isa = PBXFileReference; fileEncoding = 4; lastKnownFileType = sourcecode.c.objc; path = AddWordPackViewController.m; sourceTree = "<group>"; };
		EBBB844319B35B6800A3DA50 /* ProgressCell.h */ = {isa = PBXFileReference; fileEncoding = 4; lastKnownFileType = sourcecode.c.h; path = ProgressCell.h; sourceTree = "<group>"; };
		EBBB844419B35B6800A3DA50 /* ProgressCell.m */ = {isa = PBXFileReference; fileEncoding = 4; lastKnownFileType = sourcecode.c.objc; path = ProgressCell.m; sourceTree = "<group>"; };
		EBBB844619B35EE500A3DA50 /* ProgressCellView.h */ = {isa = PBXFileReference; fileEncoding = 4; lastKnownFileType = sourcecode.c.h; path = ProgressCellView.h; sourceTree = "<group>"; };
		EBBB844719B35EE500A3DA50 /* ProgressCellView.m */ = {isa = PBXFileReference; fileEncoding = 4; lastKnownFileType = sourcecode.c.objc; path = ProgressCellView.m; sourceTree = "<group>"; };
		EBBB844919B39FAB00A3DA50 /* StudyWordsViewController.h */ = {isa = PBXFileReference; fileEncoding = 4; lastKnownFileType = sourcecode.c.h; path = StudyWordsViewController.h; sourceTree = "<group>"; };
		EBBB844A19B39FAB00A3DA50 /* StudyWordsViewController.m */ = {isa = PBXFileReference; fileEncoding = 4; lastKnownFileType = sourcecode.c.objc; path = StudyWordsViewController.m; sourceTree = "<group>"; };
		EBBB844C19B3A77100A3DA50 /* ResizableTextField.h */ = {isa = PBXFileReference; fileEncoding = 4; lastKnownFileType = sourcecode.c.h; path = ResizableTextField.h; sourceTree = "<group>"; };
		EBBB844D19B3A77100A3DA50 /* ResizableTextField.m */ = {isa = PBXFileReference; fileEncoding = 4; lastKnownFileType = sourcecode.c.objc; path = ResizableTextField.m; sourceTree = "<group>"; };
		EBBB845219B67F9900A3DA50 /* KeyHandlingView.h */ = {isa = PBXFileReference; fileEncoding = 4; lastKnownFileType = sourcecode.c.h; path = KeyHandlingView.h; sourceTree = "<group>"; };
		EBBB845319B67F9900A3DA50 /* KeyHandlingView.m */ = {isa = PBXFileReference; fileEncoding = 4; lastKnownFileType = sourcecode.c.objc; path = KeyHandlingView.m; sourceTree = "<group>"; };
		EBBB845519C0EC0E00A3DA50 /* QuartzCore.framework */ = {isa = PBXFileReference; lastKnownFileType = wrapper.framework; name = QuartzCore.framework; path = System/Library/Frameworks/QuartzCore.framework; sourceTree = SDKROOT; };
/* End PBXFileReference section */

/* Begin PBXFrameworksBuildPhase section */
		EB4A26BF19AA244B00945AEB /* Frameworks */ = {
			isa = PBXFrameworksBuildPhase;
			buildActionMask = 2147483647;
			files = (
				EBBB845619C0EC0E00A3DA50 /* QuartzCore.framework in Frameworks */,
				EB97509B19AD3075007CEC15 /* AppKit.framework in Frameworks */,
			);
			runOnlyForDeploymentPostprocessing = 0;
		};
		EB4A26D819AA244C00945AEB /* Frameworks */ = {
			isa = PBXFrameworksBuildPhase;
			buildActionMask = 2147483647;
			files = (
			);
			runOnlyForDeploymentPostprocessing = 0;
		};
/* End PBXFrameworksBuildPhase section */

/* Begin PBXGroup section */
		EB4A26B919AA244B00945AEB = {
			isa = PBXGroup;
			children = (
				EBBB845519C0EC0E00A3DA50 /* QuartzCore.framework */,
				EB97509A19AD3075007CEC15 /* AppKit.framework */,
				EB4A26C419AA244C00945AEB /* Chinese flashcards */,
				EB4A26DE19AA244C00945AEB /* Chinese flashcardsTests */,
				EB4A26C319AA244C00945AEB /* Products */,
			);
			sourceTree = "<group>";
		};
		EB4A26C319AA244C00945AEB /* Products */ = {
			isa = PBXGroup;
			children = (
				EB4A26C219AA244C00945AEB /* Chinese flashcards.app */,
				EB4A26DB19AA244C00945AEB /* Chinese flashcardsTests.xctest */,
			);
			name = Products;
			sourceTree = "<group>";
		};
		EB4A26C419AA244C00945AEB /* Chinese flashcards */ = {
			isa = PBXGroup;
			children = (
				EB9750AE19ADEC00007CEC15 /* Word classes */,
				EB4A26C919AA244C00945AEB /* ViewController.h */,
				EB4A26CA19AA244C00945AEB /* ViewController.m */,
				EB4A26CC19AA244C00945AEB /* AppDelegate.h */,
				EB4A26CD19AA244C00945AEB /* AppDelegate.m */,
				EB4A26D219AA244C00945AEB /* Images.xcassets */,
				EB4A26D419AA244C00945AEB /* Main.storyboard */,
				EB4A26CF19AA244C00945AEB /* Chinese_flashcards.xcdatamodeld */,
				EB4A26C519AA244C00945AEB /* Supporting Files */,
				EB97509719AD2F59007CEC15 /* WindowController.h */,
				EB97509819AD2F59007CEC15 /* WindowController.m */,
				EB97509C19AD37CE007CEC15 /* TransparentScrollView.h */,
				EB97509D19AD37CE007CEC15 /* TransparentScrollView.m */,
				EB9750AB19ADE9A6007CEC15 /* CellViewController.h */,
				EB9750AC19ADE9A6007CEC15 /* CellViewController.m */,
				EB9750AF19AE05F9007CEC15 /* CellView.h */,
				EB9750B019AE05F9007CEC15 /* CellView.m */,
				EB9750B219AE0C21007CEC15 /* RoundedView.h */,
				EB9750B319AE0C21007CEC15 /* RoundedView.m */,
				EBBB843D19AFE20400A3DA50 /* AddWordViewController.h */,
				EBBB843E19AFE20400A3DA50 /* AddWordViewController.m */,
				EBBB844019B27F8C00A3DA50 /* AddWordPackViewController.h */,
				EBBB844119B27F8C00A3DA50 /* AddWordPackViewController.m */,
				EBBB844319B35B6800A3DA50 /* ProgressCell.h */,
				EBBB844419B35B6800A3DA50 /* ProgressCell.m */,
				EBBB844619B35EE500A3DA50 /* ProgressCellView.h */,
				EBBB844719B35EE500A3DA50 /* ProgressCellView.m */,
				EBBB844919B39FAB00A3DA50 /* StudyWordsViewController.h */,
				EBBB844A19B39FAB00A3DA50 /* StudyWordsViewController.m */,
				EBBB844C19B3A77100A3DA50 /* ResizableTextField.h */,
				EBBB844D19B3A77100A3DA50 /* ResizableTextField.m */,
				EBBB845219B67F9900A3DA50 /* KeyHandlingView.h */,
				EBBB845319B67F9900A3DA50 /* KeyHandlingView.m */,
				EB96118419D0AAA400800878 /* PopoverToolBarItem.h */,
				EB96118519D0AAA400800878 /* PopoverToolBarItem.m */,
				EB50C1C919EECBE80094111F /* SettingsView.h */,
				EB50C1CA19EECBE80094111F /* SettingsView.m */,
			);
			path = "Chinese flashcards";
			sourceTree = "<group>";
		};
		EB4A26C519AA244C00945AEB /* Supporting Files */ = {
			isa = PBXGroup;
			children = (
				EB4A26C619AA244C00945AEB /* Info.plist */,
				EB4A26C719AA244C00945AEB /* main.m */,
			);
			name = "Supporting Files";
			sourceTree = "<group>";
		};
		EB4A26DE19AA244C00945AEB /* Chinese flashcardsTests */ = {
			isa = PBXGroup;
			children = (
				EB4A26E119AA244C00945AEB /* Chinese_flashcardsTests.m */,
				EB4A26DF19AA244C00945AEB /* Supporting Files */,
			);
			path = "Chinese flashcardsTests";
			sourceTree = "<group>";
		};
		EB4A26DF19AA244C00945AEB /* Supporting Files */ = {
			isa = PBXGroup;
			children = (
				EB4A26E019AA244C00945AEB /* Info.plist */,
			);
			name = "Supporting Files";
			sourceTree = "<group>";
		};
		EB9750AE19ADEC00007CEC15 /* Word classes */ = {
			isa = PBXGroup;
			children = (
				EB9750A819ADDF81007CEC15 /* WordPacksController.h */,
				EB9750A919ADDF81007CEC15 /* WordPacksController.m */,
				EB97509F19ADDE76007CEC15 /* Word.h */,
				EB9750A019ADDE76007CEC15 /* Word.m */,
				EB9750A119ADDE76007CEC15 /* WordPack.h */,
				EB9750A219ADDE76007CEC15 /* WordPack.m */,
				EB9750A319ADDE76007CEC15 /* WordVault.h */,
				EB9750A419ADDE76007CEC15 /* WordVault.m */,
			);
			name = "Word classes";
			sourceTree = "<group>";
		};
/* End PBXGroup section */

/* Begin PBXNativeTarget section */
		EB4A26C119AA244B00945AEB /* Chinese flashcards */ = {
			isa = PBXNativeTarget;
			buildConfigurationList = EB4A26E519AA244C00945AEB /* Build configuration list for PBXNativeTarget "Chinese flashcards" */;
			buildPhases = (
				EB4A26BE19AA244B00945AEB /* Sources */,
				EB4A26BF19AA244B00945AEB /* Frameworks */,
				EB4A26C019AA244B00945AEB /* Resources */,
			);
			buildRules = (
			);
			dependencies = (
			);
			name = "Chinese flashcards";
			productName = "Chinese flashcards";
			productReference = EB4A26C219AA244C00945AEB /* Chinese flashcards.app */;
			productType = "com.apple.product-type.application";
		};
		EB4A26DA19AA244C00945AEB /* Chinese flashcardsTests */ = {
			isa = PBXNativeTarget;
			buildConfigurationList = EB4A26E819AA244C00945AEB /* Build configuration list for PBXNativeTarget "Chinese flashcardsTests" */;
			buildPhases = (
				EB4A26D719AA244C00945AEB /* Sources */,
				EB4A26D819AA244C00945AEB /* Frameworks */,
				EB4A26D919AA244C00945AEB /* Resources */,
			);
			buildRules = (
			);
			dependencies = (
				EB4A26DD19AA244C00945AEB /* PBXTargetDependency */,
				EB59850419AA26F9002EA6C5 /* PBXTargetDependency */,
			);
			name = "Chinese flashcardsTests";
			productName = "Chinese flashcardsTests";
			productReference = EB4A26DB19AA244C00945AEB /* Chinese flashcardsTests.xctest */;
			productType = "com.apple.product-type.bundle.unit-test";
		};
/* End PBXNativeTarget section */

/* Begin PBXProject section */
		EB4A26BA19AA244B00945AEB /* Project object */ = {
			isa = PBXProject;
			attributes = {
				LastUpgradeCheck = 0600;
				ORGANIZATIONNAME = "Samuli Lehtonen";
				TargetAttributes = {
					EB4A26C119AA244B00945AEB = {
						CreatedOnToolsVersion = 6.0;
					};
					EB4A26DA19AA244C00945AEB = {
						CreatedOnToolsVersion = 6.0;
						TestTargetID = EB4A26C119AA244B00945AEB;
					};
				};
			};
			buildConfigurationList = EB4A26BD19AA244B00945AEB /* Build configuration list for PBXProject "Chinese flashcards" */;
			compatibilityVersion = "Xcode 3.2";
			developmentRegion = English;
			hasScannedForEncodings = 0;
			knownRegions = (
				en,
				Base,
			);
			mainGroup = EB4A26B919AA244B00945AEB;
			productRefGroup = EB4A26C319AA244C00945AEB /* Products */;
			projectDirPath = "";
			projectRoot = "";
			targets = (
				EB4A26C119AA244B00945AEB /* Chinese flashcards */,
				EB4A26DA19AA244C00945AEB /* Chinese flashcardsTests */,
			);
		};
/* End PBXProject section */

/* Begin PBXResourcesBuildPhase section */
		EB4A26C019AA244B00945AEB /* Resources */ = {
			isa = PBXResourcesBuildPhase;
			buildActionMask = 2147483647;
			files = (
				EB4A26D319AA244C00945AEB /* Images.xcassets in Resources */,
				EB4A26D619AA244C00945AEB /* Main.storyboard in Resources */,
			);
			runOnlyForDeploymentPostprocessing = 0;
		};
		EB4A26D919AA244C00945AEB /* Resources */ = {
			isa = PBXResourcesBuildPhase;
			buildActionMask = 2147483647;
			files = (
			);
			runOnlyForDeploymentPostprocessing = 0;
		};
/* End PBXResourcesBuildPhase section */

/* Begin PBXSourcesBuildPhase section */
		EB4A26BE19AA244B00945AEB /* Sources */ = {
			isa = PBXSourcesBuildPhase;
			buildActionMask = 2147483647;
			files = (
				EBBB844219B27F8C00A3DA50 /* AddWordPackViewController.m in Sources */,
				EB50C1CB19EECBE80094111F /* SettingsView.m in Sources */,
				EB9750AD19ADE9A6007CEC15 /* CellViewController.m in Sources */,
				EBBB844E19B3A77100A3DA50 /* ResizableTextField.m in Sources */,
				EB9750B419AE0C21007CEC15 /* RoundedView.m in Sources */,
				EB9750A619ADDE76007CEC15 /* WordPack.m in Sources */,
				EB9750A719ADDE76007CEC15 /* WordVault.m in Sources */,
				EB97509E19AD37CE007CEC15 /* TransparentScrollView.m in Sources */,
				EB9750B119AE05F9007CEC15 /* CellView.m in Sources */,
				EB97509919AD2F59007CEC15 /* WindowController.m in Sources */,
				EB4A26D119AA244C00945AEB /* Chinese_flashcards.xcdatamodeld in Sources */,
				EB4A26CB19AA244C00945AEB /* ViewController.m in Sources */,
				EBBB844B19B39FAB00A3DA50 /* StudyWordsViewController.m in Sources */,
				EB9750AA19ADDF81007CEC15 /* WordPacksController.m in Sources */,
				EB4A26C819AA244C00945AEB /* main.m in Sources */,
				EBBB844819B35EE500A3DA50 /* ProgressCellView.m in Sources */,
				EB4A26CE19AA244C00945AEB /* AppDelegate.m in Sources */,
				EB96118619D0AAA400800878 /* PopoverToolBarItem.m in Sources */,
				EBBB843F19AFE20400A3DA50 /* AddWordViewController.m in Sources */,
				EBBB845419B67F9900A3DA50 /* KeyHandlingView.m in Sources */,
				EBBB844519B35B6800A3DA50 /* ProgressCell.m in Sources */,
				EB9750A519ADDE76007CEC15 /* Word.m in Sources */,
			);
			runOnlyForDeploymentPostprocessing = 0;
		};
		EB4A26D719AA244C00945AEB /* Sources */ = {
			isa = PBXSourcesBuildPhase;
			buildActionMask = 2147483647;
			files = (
				EB4A26E219AA244C00945AEB /* Chinese_flashcardsTests.m in Sources */,
			);
			runOnlyForDeploymentPostprocessing = 0;
		};
/* End PBXSourcesBuildPhase section */

/* Begin PBXTargetDependency section */
		EB4A26DD19AA244C00945AEB /* PBXTargetDependency */ = {
			isa = PBXTargetDependency;
			target = EB4A26C119AA244B00945AEB /* Chinese flashcards */;
			targetProxy = EB4A26DC19AA244C00945AEB /* PBXContainerItemProxy */;
		};
		EB59850419AA26F9002EA6C5 /* PBXTargetDependency */ = {
			isa = PBXTargetDependency;
			target = EB4A26C119AA244B00945AEB /* Chinese flashcards */;
			targetProxy = EB59850319AA26F9002EA6C5 /* PBXContainerItemProxy */;
		};
/* End PBXTargetDependency section */

/* Begin PBXVariantGroup section */
		EB4A26D419AA244C00945AEB /* Main.storyboard */ = {
			isa = PBXVariantGroup;
			children = (
				EB4A26D519AA244C00945AEB /* Base */,
			);
			name = Main.storyboard;
			sourceTree = "<group>";
		};
/* End PBXVariantGroup section */

/* Begin XCBuildConfiguration section */
		EB4A26E319AA244C00945AEB /* Debug */ = {
			isa = XCBuildConfiguration;
			buildSettings = {
				ALWAYS_SEARCH_USER_PATHS = NO;
				CLANG_CXX_LANGUAGE_STANDARD = "gnu++0x";
				CLANG_CXX_LIBRARY = "libc++";
				CLANG_ENABLE_MODULES = YES;
				CLANG_ENABLE_OBJC_ARC = YES;
				CLANG_WARN_BOOL_CONVERSION = YES;
				CLANG_WARN_CONSTANT_CONVERSION = YES;
				CLANG_WARN_DIRECT_OBJC_ISA_USAGE = YES_ERROR;
				CLANG_WARN_EMPTY_BODY = YES;
				CLANG_WARN_ENUM_CONVERSION = YES;
				CLANG_WARN_INT_CONVERSION = YES;
				CLANG_WARN_OBJC_ROOT_CLASS = YES_ERROR;
				CLANG_WARN_UNREACHABLE_CODE = YES;
				CLANG_WARN__DUPLICATE_METHOD_MATCH = YES;
				CODE_SIGN_IDENTITY = "-";
				COPY_PHASE_STRIP = NO;
				ENABLE_STRICT_OBJC_MSGSEND = YES;
				GCC_C_LANGUAGE_STANDARD = gnu99;
				GCC_DYNAMIC_NO_PIC = NO;
				GCC_OPTIMIZATION_LEVEL = 0;
				GCC_PREPROCESSOR_DEFINITIONS = (
					"DEBUG=1",
					"$(inherited)",
				);
				GCC_SYMBOLS_PRIVATE_EXTERN = NO;
				GCC_WARN_64_TO_32_BIT_CONVERSION = YES;
				GCC_WARN_ABOUT_RETURN_TYPE = YES_ERROR;
				GCC_WARN_UNDECLARED_SELECTOR = YES;
				GCC_WARN_UNINITIALIZED_AUTOS = YES_AGGRESSIVE;
				GCC_WARN_UNUSED_FUNCTION = YES;
				GCC_WARN_UNUSED_VARIABLE = YES;
				MACOSX_DEPLOYMENT_TARGET = 10.10;
				METAL_ENABLE_DEBUG_INFO = YES;
				ONLY_ACTIVE_ARCH = YES;
				SDKROOT = macosx;
			};
			name = Debug;
		};
		EB4A26E419AA244C00945AEB /* Release */ = {
			isa = XCBuildConfiguration;
			buildSettings = {
				ALWAYS_SEARCH_USER_PATHS = NO;
				CLANG_CXX_LANGUAGE_STANDARD = "gnu++0x";
				CLANG_CXX_LIBRARY = "libc++";
				CLANG_ENABLE_MODULES = YES;
				CLANG_ENABLE_OBJC_ARC = YES;
				CLANG_WARN_BOOL_CONVERSION = YES;
				CLANG_WARN_CONSTANT_CONVERSION = YES;
				CLANG_WARN_DIRECT_OBJC_ISA_USAGE = YES_ERROR;
				CLANG_WARN_EMPTY_BODY = YES;
				CLANG_WARN_ENUM_CONVERSION = YES;
				CLANG_WARN_INT_CONVERSION = YES;
				CLANG_WARN_OBJC_ROOT_CLASS = YES_ERROR;
				CLANG_WARN_UNREACHABLE_CODE = YES;
				CLANG_WARN__DUPLICATE_METHOD_MATCH = YES;
				CODE_SIGN_IDENTITY = "-";
				COPY_PHASE_STRIP = YES;
				DEBUG_INFORMATION_FORMAT = "dwarf-with-dsym";
				ENABLE_NS_ASSERTIONS = NO;
				ENABLE_STRICT_OBJC_MSGSEND = YES;
				GCC_C_LANGUAGE_STANDARD = gnu99;
				GCC_WARN_64_TO_32_BIT_CONVERSION = YES;
				GCC_WARN_ABOUT_RETURN_TYPE = YES_ERROR;
				GCC_WARN_UNDECLARED_SELECTOR = YES;
				GCC_WARN_UNINITIALIZED_AUTOS = YES_AGGRESSIVE;
				GCC_WARN_UNUSED_FUNCTION = YES;
				GCC_WARN_UNUSED_VARIABLE = YES;
				MACOSX_DEPLOYMENT_TARGET = 10.10;
				METAL_ENABLE_DEBUG_INFO = NO;
				SDKROOT = macosx;
			};
			name = Release;
		};
		EB4A26E619AA244C00945AEB /* Debug */ = {
			isa = XCBuildConfiguration;
			buildSettings = {
				ASSETCATALOG_COMPILER_APPICON_NAME = AppIcon;
				COMBINE_HIDPI_IMAGES = YES;
				INFOPLIST_FILE = "Chinese flashcards/Info.plist";
				LD_RUNPATH_SEARCH_PATHS = "$(inherited) @executable_path/../Frameworks";
				PRODUCT_NAME = "$(TARGET_NAME)";
			};
			name = Debug;
		};
		EB4A26E719AA244C00945AEB /* Release */ = {
			isa = XCBuildConfiguration;
			buildSettings = {
				ASSETCATALOG_COMPILER_APPICON_NAME = AppIcon;
				COMBINE_HIDPI_IMAGES = YES;
				INFOPLIST_FILE = "Chinese flashcards/Info.plist";
				LD_RUNPATH_SEARCH_PATHS = "$(inherited) @executable_path/../Frameworks";
				PRODUCT_NAME = "$(TARGET_NAME)";
			};
			name = Release;
		};
		EB4A26E919AA244C00945AEB /* Debug */ = {
			isa = XCBuildConfiguration;
			buildSettings = {
				BUNDLE_LOADER = "$(BUILT_PRODUCTS_DIR)/Chinese flashcards.app/Contents/MacOS/Chinese flashcards";
				COMBINE_HIDPI_IMAGES = YES;
				FRAMEWORK_SEARCH_PATHS = (
					"$(DEVELOPER_FRAMEWORKS_DIR)",
					"$(inherited)",
				);
				GCC_PREPROCESSOR_DEFINITIONS = (
					"DEBUG=1",
					"$(inherited)",
				);
				INFOPLIST_FILE = "Chinese flashcardsTests/Info.plist";
				LD_RUNPATH_SEARCH_PATHS = "$(inherited) @executable_path/../Frameworks @loader_path/../Frameworks";
				METAL_ENABLE_DEBUG_INFO = YES;
				PRODUCT_NAME = "$(TARGET_NAME)";
				TEST_HOST = "$(BUNDLE_LOADER)";
			};
			name = Debug;
		};
		EB4A26EA19AA244C00945AEB /* Release */ = {
			isa = XCBuildConfiguration;
			buildSettings = {
				BUNDLE_LOADER = "$(BUILT_PRODUCTS_DIR)/Chinese flashcards.app/Contents/MacOS/Chinese flashcards";
				COMBINE_HIDPI_IMAGES = YES;
				FRAMEWORK_SEARCH_PATHS = (
					"$(DEVELOPER_FRAMEWORKS_DIR)",
					"$(inherited)",
				);
				INFOPLIST_FILE = "Chinese flashcardsTests/Info.plist";
				LD_RUNPATH_SEARCH_PATHS = "$(inherited) @executable_path/../Frameworks @loader_path/../Frameworks";
				METAL_ENABLE_DEBUG_INFO = NO;
				PRODUCT_NAME = "$(TARGET_NAME)";
				TEST_HOST = "$(BUNDLE_LOADER)";
			};
			name = Release;
		};
/* End XCBuildConfiguration section */

/* Begin XCConfigurationList section */
		EB4A26BD19AA244B00945AEB /* Build configuration list for PBXProject "Chinese flashcards" */ = {
			isa = XCConfigurationList;
			buildConfigurations = (
				EB4A26E319AA244C00945AEB /* Debug */,
				EB4A26E419AA244C00945AEB /* Release */,
			);
			defaultConfigurationIsVisible = 0;
			defaultConfigurationName = Release;
		};
		EB4A26E519AA244C00945AEB /* Build configuration list for PBXNativeTarget "Chinese flashcards" */ = {
			isa = XCConfigurationList;
			buildConfigurations = (
				EB4A26E619AA244C00945AEB /* Debug */,
				EB4A26E719AA244C00945AEB /* Release */,
			);
			defaultConfigurationIsVisible = 0;
			defaultConfigurationName = Release;
		};
		EB4A26E819AA244C00945AEB /* Build configuration list for PBXNativeTarget "Chinese flashcardsTests" */ = {
			isa = XCConfigurationList;
			buildConfigurations = (
				EB4A26E919AA244C00945AEB /* Debug */,
				EB4A26EA19AA244C00945AEB /* Release */,
			);
			defaultConfigurationIsVisible = 0;
			defaultConfigurationName = Release;
		};
/* End XCConfigurationList section */

/* Begin XCVersionGroup section */
		EB4A26CF19AA244C00945AEB /* Chinese_flashcards.xcdatamodeld */ = {
			isa = XCVersionGroup;
			children = (
				EB4A26D019AA244C00945AEB /* Chinese_flashcards.xcdatamodel */,
			);
			currentVersion = EB4A26D019AA244C00945AEB /* Chinese_flashcards.xcdatamodel */;
			path = Chinese_flashcards.xcdatamodeld;
			sourceTree = "<group>";
			versionGroupType = wrapper.xcdatamodel;
		};
/* End XCVersionGroup section */
	};
	rootObject = EB4A26BA19AA244B00945AEB /* Project object */;
}
